
Microsoft Visual Studio Solution File, Format Version 12.00
# Visual Studio Version 17
VisualStudioVersion = 17.12.35521.163
MinimumVisualStudioVersion = 10.0.40219.1
Project("{FAE04EC0-301F-11D3-BF4B-00C04F79EFBC}") = "UserInterfaceWF", "UserInterfaceWF\UserInterfaceWF.csproj", "{61960607-EEED-4D55-BA17-CAEA8B033C5C}"
EndProject
Project("{FAE04EC0-301F-11D3-BF4B-00C04F79EFBC}") = "Repository", "Repository\Repository.csproj", "{EB91E293-F3F7-43C0-9EE3-1B7DB9F10B30}"
EndProject
Project("{FAE04EC0-301F-11D3-BF4B-00C04F79EFBC}") = "Service", "Service\Service.csproj", "{25F9308B-71AE-4A7D-9721-1DAC80354AE0}"
EndProject
Project("{FAE04EC0-301F-11D3-BF4B-00C04F79EFBC}") = "Model", "Model\Model.csproj", "{DCE6E78B-B3B5-4E27-8052-E03FADB43384}"
EndProject
Project("{FAE04EC0-301F-11D3-BF4B-00C04F79EFBC}") = "Entity", "Entity\Entity.csproj", "{B58BFA44-0BDF-42BE-B612-2D97B64DBB54}"
EndProject
Project("{FAE04EC0-301F-11D3-BF4B-00C04F79EFBC}") = "Utility", "Utility\Utility.csproj", "{9262EBF8-788F-413B-9512-14FC11953CA2}"
EndProject
Global
	GlobalSection(SolutionConfigurationPlatforms) = preSolution
		Debug|Any CPU = Debug|Any CPU
		Release|Any CPU = Release|Any CPU
	EndGlobalSection
	GlobalSection(ProjectConfigurationPlatforms) = postSolution
		{61960607-EEED-4D55-BA17-CAEA8B033C5C}.Debug|Any CPU.ActiveCfg = Debug|Any CPU
		{61960607-EEED-4D55-BA17-CAEA8B033C5C}.Debug|Any CPU.Build.0 = Debug|Any CPU
		{61960607-EEED-4D55-BA17-CAEA8B033C5C}.Release|Any CPU.ActiveCfg = Release|Any CPU
		{61960607-EEED-4D55-BA17-CAEA8B033C5C}.Release|Any CPU.Build.0 = Release|Any CPU
		{EB91E293-F3F7-43C0-9EE3-1B7DB9F10B30}.Debug|Any CPU.ActiveCfg = Debug|Any CPU
		{EB91E293-F3F7-43C0-9EE3-1B7DB9F10B30}.Debug|Any CPU.Build.0 = Debug|Any CPU
		{EB91E293-F3F7-43C0-9EE3-1B7DB9F10B30}.Release|Any CPU.ActiveCfg = Release|Any CPU
		{EB91E293-F3F7-43C0-9EE3-1B7DB9F10B30}.Release|Any CPU.Build.0 = Release|Any CPU
		{25F9308B-71AE-4A7D-9721-1DAC80354AE0}.Debug|Any CPU.ActiveCfg = Debug|Any CPU
		{25F9308B-71AE-4A7D-9721-1DAC80354AE0}.Debug|Any CPU.Build.0 = Debug|Any CPU
		{25F9308B-71AE-4A7D-9721-1DAC80354AE0}.Release|Any CPU.ActiveCfg = Release|Any CPU
		{25F9308B-71AE-4A7D-9721-1DAC80354AE0}.Release|Any CPU.Build.0 = Release|Any CPU
		{DCE6E78B-B3B5-4E27-8052-E03FADB43384}.Debug|Any CPU.ActiveCfg = Debug|Any CPU
		{DCE6E78B-B3B5-4E27-8052-E03FADB43384}.Debug|Any CPU.Build.0 = Debug|Any CPU
		{DCE6E78B-B3B5-4E27-8052-E03FADB43384}.Release|Any CPU.ActiveCfg = Release|Any CPU
		{DCE6E78B-B3B5-4E27-8052-E03FADB43384}.Release|Any CPU.Build.0 = Release|Any CPU
		{B58BFA44-0BDF-42BE-B612-2D97B64DBB54}.Debug|Any CPU.ActiveCfg = Debug|Any CPU
		{B58BFA44-0BDF-42BE-B612-2D97B64DBB54}.Debug|Any CPU.Build.0 = Debug|Any CPU
		{B58BFA44-0BDF-42BE-B612-2D97B64DBB54}.Release|Any CPU.ActiveCfg = Release|Any CPU
		{B58BFA44-0BDF-42BE-B612-2D97B64DBB54}.Release|Any CPU.Build.0 = Release|Any CPU
		{9262EBF8-788F-413B-9512-14FC11953CA2}.Debug|Any CPU.ActiveCfg = Debug|Any CPU
		{9262EBF8-788F-413B-9512-14FC11953CA2}.Debug|Any CPU.Build.0 = Debug|Any CPU
		{9262EBF8-788F-413B-9512-14FC11953CA2}.Release|Any CPU.ActiveCfg = Release|Any CPU
		{9262EBF8-788F-413B-9512-14FC11953CA2}.Release|Any CPU.Build.0 = Release|Any CPU
	EndGlobalSection
	GlobalSection(SolutionProperties) = preSolution
		HideSolutionNode = FALSE
	EndGlobalSection
EndGlobal
